<?xml version="1.0" encoding="utf-8"?>
<Project ToolsVersion="4.0" xmlns="http://schemas.microsoft.com/developer/msbuild/2003">
  <ItemGroup>
    <ClCompile Include="Actor.cpp" />
    <ClCompile Include="Game.cpp" />
    <ClCompile Include="main.cpp" />
    <ClCompile Include="Player.cpp" />
    <ClCompile Include="Scene.cpp" />
    <ClCompile Include="Sprite.cpp" />
    <ClCompile Include="Enemy.cpp" />
    <ClCompile Include="Weapons.cpp" />
  </ItemGroup>
  <ItemGroup>
    <ClInclude Include="Actor.h" />
    <ClInclude Include="Game.h" />
    <ClInclude Include="Player.h" />
    <ClInclude Include="Scene.h" />
    <ClInclude Include="Sprite.h" />
    <ClInclude Include="Enemy.h" />
    <ClInclude Include="Weapons.h" />
  </ItemGroup>
  <ItemGroup>
    <Filter Include="Assests">
      <UniqueIdentifier>{0f7d76f3-55ac-48db-8c39-b205b628799c}</UniqueIdentifier>
    </Filter>
  </ItemGroup>
</Project>